
Microsoft Visual Studio Solution File, Format Version 12.00
# Visual Studio 15
VisualStudioVersion = 15.0.36001.139
MinimumVisualStudioVersion = 10.0.40219.1
Project("{8BC9CEB8-8B4A-11D0-8D11-00A0C91BC942}") = "Car", "Car\Car.vcxproj", "{2071390A-757D-43E1-99B5-FB174B94DAB8}"
EndProject
Project("{8BC9CEB8-8B4A-11D0-8D11-00A0C91BC942}") = "Threads", "Threads\Threads.vcxproj", "{CBFB28B5-1EFD-4E16-8D94-3D685BBE6F7F}"
EndProject
Global
	GlobalSection(SolutionConfigurationPlatforms) = preSolution
		Debug|x64 = Debug|x64
		Debug|x86 = Debug|x86
		Release|x64 = Release|x64
		Release|x86 = Release|x86
	EndGlobalSection
	GlobalSection(ProjectConfigurationPlatforms) = postSolution
		{2071390A-757D-43E1-99B5-FB174B94DAB8}.Debug|x64.ActiveCfg = Debug|x64
		{2071390A-757D-43E1-99B5-FB174B94DAB8}.Debug|x64.Build.0 = Debug|x64
		{2071390A-757D-43E1-99B5-FB174B94DAB8}.Debug|x86.ActiveCfg = Debug|Win32
		{2071390A-757D-43E1-99B5-FB174B94DAB8}.Debug|x86.Build.0 = Debug|Win32
		{2071390A-757D-43E1-99B5-FB174B94DAB8}.Release|x64.ActiveCfg = Release|x64
		{2071390A-757D-43E1-99B5-FB174B94DAB8}.Release|x64.Build.0 = Release|x64
		{2071390A-757D-43E1-99B5-FB174B94DAB8}.Release|x86.ActiveCfg = Release|Win32
		{2071390A-757D-43E1-99B5-FB174B94DAB8}.Release|x86.Build.0 = Release|Win32
		{CBFB28B5-1EFD-4E16-8D94-3D685BBE6F7F}.Debug|x64.ActiveCfg = Debug|x64
		{CBFB28B5-1EFD-4E16-8D94-3D685BBE6F7F}.Debug|x64.Build.0 = Debug|x64
		{CBFB28B5-1EFD-4E16-8D94-3D685BBE6F7F}.Debug|x86.ActiveCfg = Debug|Win32
		{CBFB28B5-1EFD-4E16-8D94-3D685BBE6F7F}.Debug|x86.Build.0 = Debug|Win32
		{CBFB28B5-1EFD-4E16-8D94-3D685BBE6F7F}.Release|x64.ActiveCfg = Release|x64
		{CBFB28B5-1EFD-4E16-8D94-3D685BBE6F7F}.Release|x64.Build.0 = Release|x64
		{CBFB28B5-1EFD-4E16-8D94-3D685BBE6F7F}.Release|x86.ActiveCfg = Release|Win32
		{CBFB28B5-1EFD-4E16-8D94-3D685BBE6F7F}.Release|x86.Build.0 = Release|Win32
	EndGlobalSection
	GlobalSection(SolutionProperties) = preSolution
		HideSolutionNode = FALSE
	EndGlobalSection
	GlobalSection(ExtensibilityGlobals) = postSolution
		SolutionGuid = {21B25B99-1754-4993-BA57-F7E7FB8BA312}
	EndGlobalSection
EndGlobal
